
Microsoft Visual Studio Solution File, Format Version 12.00
# Visual Studio Version 17
VisualStudioVersion = 17.1.32421.90
MinimumVisualStudioVersion = 10.0.40219.1
Project("{FAE04EC0-301F-11D3-BF4B-00C04F79EFBC}") = "InfoJobsHackUPC", "InfoJobsHackUPC\InfoJobsHackUPC.csproj", "{E59529E7-AF16-4382-A24F-22AC4D1B751B}"
EndProject
Global
	GlobalSection(SolutionConfigurationPlatforms) = preSolution
		Debug|Any CPU = Debug|Any CPU
		Release|Any CPU = Release|Any CPU
	EndGlobalSection
	GlobalSection(ProjectConfigurationPlatforms) = postSolution
		{E59529E7-AF16-4382-A24F-22AC4D1B751B}.Debug|Any CPU.ActiveCfg = Debug|Any CPU
		{E59529E7-AF16-4382-A24F-22AC4D1B751B}.Debug|Any CPU.Build.0 = Debug|Any CPU
		{E59529E7-AF16-4382-A24F-22AC4D1B751B}.Release|Any CPU.ActiveCfg = Release|Any CPU
		{E59529E7-AF16-4382-A24F-22AC4D1B751B}.Release|Any CPU.Build.0 = Release|Any CPU
	EndGlobalSection
	GlobalSection(SolutionProperties) = preSolution
		HideSolutionNode = FALSE
	EndGlobalSection
	GlobalSection(ExtensibilityGlobals) = postSolution
		SolutionGuid = {FB6ACF85-D178-498E-82CC-22C42E2D5773}
	EndGlobalSection
EndGlobal
